{
  "name": "platform_package_import",
  "version": "1.0.0",
  "lockfileVersion": 3,
  "requires": true,
  "packages": {
    "": {
      "name": "platform_package_import",
      "version": "1.0.0",
      "license": "ISC",
      "dependencies": {
        "@sadliyvi/jsextra_hw_platform_task_1": "^1.0.0"
      }
    },
    "node_modules/@sadliyvi/jsextra_hw_platform_task_1": {
      "version": "1.0.0",
      "resolved": "https://npm.pkg.github.com/download/@sadliyvi/jsextra_hw_platform_task_1/1.0.0/3e4a4bd02d78f8fa2ae80b1da655ba3ae8ebf6b4",
      "integrity": "sha512-BBuFIRbs5YgTFuogk4ldh/JZ/UJWl9NonEueBK00kDI0EPUk0Fx8MeGUyYA1Oxv6pGBl9k4Pu8jdqRImmNYjoQ==",
      "license": "ISC"
    }
  }
}
